
Microsoft Visual Studio Solution File, Format Version 12.00
# Visual Studio 15
VisualStudioVersion = 15.0.26730.15
MinimumVisualStudioVersion = 10.0.40219.1
Project("{FAE04EC0-301F-11D3-BF4B-00C04F79EFBC}") = "TestAppSander", "TestAppSander\TestAppSander.csproj", "{A35B247D-394C-496F-9678-8F5DCBB93866}"
EndProject
Global
	GlobalSection(SolutionConfigurationPlatforms) = preSolution
		Debug|Any CPU = Debug|Any CPU
		Release|Any CPU = Release|Any CPU
	EndGlobalSection
	GlobalSection(ProjectConfigurationPlatforms) = postSolution
		{A35B247D-394C-496F-9678-8F5DCBB93866}.Debug|Any CPU.ActiveCfg = Debug|Any CPU
		{A35B247D-394C-496F-9678-8F5DCBB93866}.Debug|Any CPU.Build.0 = Debug|Any CPU
		{A35B247D-394C-496F-9678-8F5DCBB93866}.Release|Any CPU.ActiveCfg = Release|Any CPU
		{A35B247D-394C-496F-9678-8F5DCBB93866}.Release|Any CPU.Build.0 = Release|Any CPU
	EndGlobalSection
	GlobalSection(SolutionProperties) = preSolution
		HideSolutionNode = FALSE
	EndGlobalSection
	GlobalSection(ExtensibilityGlobals) = postSolution
		SolutionGuid = {903816A5-0453-45CC-8602-E152B6A4B87B}
	EndGlobalSection
EndGlobal
